// !$*UTF8*$!
{
	archiveVersion = 1;
	classes = {
	};
	objectVersion = 46;
	objects = {

/* Begin PBXBuildFile section */
		61E201E21B9978E2004788A6 /* main.m in Sources */ = {isa = PBXBuildFile; fileRef = 61E201E11B9978E2004788A6 /* main.m */; };
		61E201E51B9978E2004788A6 /* AppDelegate.m in Sources */ = {isa = PBXBuildFile; fileRef = 61E201E41B9978E2004788A6 /* AppDelegate.m */; };
		61E201E81B9978E2004788A6 /* ViewController.m in Sources */ = {isa = PBXBuildFile; fileRef = 61E201E71B9978E2004788A6 /* ViewController.m */; };
		61E201EB1B9978E2004788A6 /* Main.storyboard in Resources */ = {isa = PBXBuildFile; fileRef = 61E201E91B9978E2004788A6 /* Main.storyboard */; };
		61E201ED1B9978E2004788A6 /* Images.xcassets in Resources */ = {isa = PBXBuildFile; fileRef = 61E201EC1B9978E2004788A6 /* Images.xcassets */; };
		61E201F01B9978E2004788A6 /* LaunchScreen.xib in Resources */ = {isa = PBXBuildFile; fileRef = 61E201EE1B9978E2004788A6 /* LaunchScreen.xib */; };
		61E201FC1B9978E2004788A6 /* SliderTests.m in Sources */ = {isa = PBXBuildFile; fileRef = 61E201FB1B9978E2004788A6 /* SliderTests.m */; };
/* End PBXBuildFile section */

/* Begin PBXContainerItemProxy section */
		61E201F61B9978E2004788A6 /* PBXContainerItemProxy */ = {
			isa = PBXContainerItemProxy;
			containerPortal = 61E201D41B9978E2004788A6 /* Project object */;
			proxyType = 1;
			remoteGlobalIDString = 61E201DB1B9978E2004788A6;
			remoteInfo = Slider;
		};
/* End PBXContainerItemProxy section */

/* Begin PBXFileReference section */
		61E201DC1B9978E2004788A6 /* Slider.app */ = {isa = PBXFileReference; explicitFileType = wrapper.application; includeInIndex = 0; path = Slider.app; sourceTree = BUILT_PRODUCTS_DIR; };
		61E201E01B9978E2004788A6 /* Info.plist */ = {isa = PBXFileReference; lastKnownFileType = text.plist.xml; path = Info.plist; sourceTree = "<group>"; };
		61E201E11B9978E2004788A6 /* main.m */ = {isa = PBXFileReference; lastKnownFileType = sourcecode.c.objc; path = main.m; sourceTree = "<group>"; };
		61E201E31B9978E2004788A6 /* AppDelegate.h */ = {isa = PBXFileReference; lastKnownFileType = sourcecode.c.h; path = AppDelegate.h; sourceTree = "<group>"; };
		61E201E41B9978E2004788A6 /* AppDelegate.m */ = {isa = PBXFileReference; lastKnownFileType = sourcecode.c.objc; path = AppDelegate.m; sourceTree = "<group>"; };
		61E201E61B9978E2004788A6 /* ViewController.h */ = {isa = PBXFileReference; lastKnownFileType = sourcecode.c.h; path = ViewController.h; sourceTree = "<group>"; };
		61E201E71B9978E2004788A6 /* ViewController.m */ = {isa = PBXFileReference; lastKnownFileType = sourcecode.c.objc; path = ViewController.m; sourceTree = "<group>"; };
		61E201EA1B9978E2004788A6 /* Base */ = {isa = PBXFileReference; lastKnownFileType = file.storyboard; name = Base; path = Base.lproj/Main.storyboard; sourceTree = "<group>"; };
		61E201EC1B9978E2004788A6 /* Images.xcassets */ = {isa = PBXFileReference; lastKnownFileType = folder.assetcatalog; path = Images.xcassets; sourceTree = "<group>"; };
		61E201EF1B9978E2004788A6 /* Base */ = {isa = PBXFileReference; lastKnownFileType = file.xib; name = Base; path = Base.lproj/LaunchScreen.xib; sourceTree = "<group>"; };
		61E201F51B9978E2004788A6 /* SliderTests.xctest */ = {isa = PBXFileReference; explicitFileType = wrapper.cfbundle; includeInIndex = 0; path = SliderTests.xctest; sourceTree = BUILT_PRODUCTS_DIR; };
		61E201FA1B9978E2004788A6 /* Info.plist */ = {isa = PBXFileReference; lastKnownFileType = text.plist.xml; path = Info.plist; sourceTree = "<group>"; };
		61E201FB1B9978E2004788A6 /* SliderTests.m */ = {isa = PBXFileReference; lastKnownFileType = sourcecode.c.objc; path = SliderTests.m; sourceTree = "<group>"; };
/* End PBXFileReference section */

/* Begin PBXFrameworksBuildPhase section */
		61E201D91B9978E2004788A6 /* Frameworks */ = {
			isa = PBXFrameworksBuildPhase;
			buildActionMask = 2147483647;
			files = (
			);
			runOnlyForDeploymentPostprocessing = 0;
		};
		61E201F21B9978E2004788A6 /* Frameworks */ = {
			isa = PBXFrameworksBuildPhase;
			buildActionMask = 2147483647;
			files = (
			);
			runOnlyForDeploymentPostprocessing = 0;
		};
/* End PBXFrameworksBuildPhase section */

/* Begin PBXGroup section */
		61E201D31B9978E2004788A6 = {
			isa = PBXGroup;
			children = (
				61E201DE1B9978E2004788A6 /* Slider */,
				61E201F81B9978E2004788A6 /* SliderTests */,
				61E201DD1B9978E2004788A6 /* Products */,
			);
			sourceTree = "<group>";
		};
		61E201DD1B9978E2004788A6 /* Products */ = {
			isa = PBXGroup;
			children = (
				61E201DC1B9978E2004788A6 /* Slider.app */,
				61E201F51B9978E2004788A6 /* SliderTests.xctest */,
			);
			name = Products;
			sourceTree = "<group>";
		};
		61E201DE1B9978E2004788A6 /* Slider */ = {
			isa = PBXGroup;
			children = (
				61E201E31B9978E2004788A6 /* AppDelegate.h */,
				61E201E41B9978E2004788A6 /* AppDelegate.m */,
				61E201E61B9978E2004788A6 /* ViewController.h */,
				61E201E71B9978E2004788A6 /* ViewController.m */,
				61E201E91B9978E2004788A6 /* Main.storyboard */,
				61E201EC1B9978E2004788A6 /* Images.xcassets */,
				61E201EE1B9978E2004788A6 /* LaunchScreen.xib */,
				61E201DF1B9978E2004788A6 /* Supporting Files */,
			);
			path = Slider;
			sourceTree = "<group>";
		};
		61E201DF1B9978E2004788A6 /* Supporting Files */ = {
			isa = PBXGroup;
			children = (
				61E201E01B9978E2004788A6 /* Info.plist */,
				61E201E11B9978E2004788A6 /* main.m */,
			);
			name = "Supporting Files";
			sourceTree = "<group>";
		};
		61E201F81B9978E2004788A6 /* SliderTests */ = {
			isa = PBXGroup;
			children = (
				61E201FB1B9978E2004788A6 /* SliderTests.m */,
				61E201F91B9978E2004788A6 /* Supporting Files */,
			);
			path = SliderTests;
			sourceTree = "<group>";
		};
		61E201F91B9978E2004788A6 /* Supporting Files */ = {
			isa = PBXGroup;
			children = (
				61E201FA1B9978E2004788A6 /* Info.plist */,
			);
			name = "Supporting Files";
			sourceTree = "<group>";
		};
/* End PBXGroup section */

/* Begin PBXNativeTarget section */
		61E201DB1B9978E2004788A6 /* Slider */ = {
			isa = PBXNativeTarget;
			buildConfigurationList = 61E201FF1B9978E2004788A6 /* Build configuration list for PBXNativeTarget "Slider" */;
			buildPhases = (
				61E201D81B9978E2004788A6 /* Sources */,
				61E201D91B9978E2004788A6 /* Frameworks */,
				61E201DA1B9978E2004788A6 /* Resources */,
			);
			buildRules = (
			);
			dependencies = (
			);
			name = Slider;
			productName = Slider;
			productReference = 61E201DC1B9978E2004788A6 /* Slider.app */;
			productType = "com.apple.product-type.application";
		};
		61E201F41B9978E2004788A6 /* SliderTests */ = {
			isa = PBXNativeTarget;
			buildConfigurationList = 61E202021B9978E2004788A6 /* Build configuration list for PBXNativeTarget "SliderTests" */;
			buildPhases = (
				61E201F11B9978E2004788A6 /* Sources */,
				61E201F21B9978E2004788A6 /* Frameworks */,
				61E201F31B9978E2004788A6 /* Resources */,
			);
			buildRules = (
			);
			dependencies = (
				61E201F71B9978E2004788A6 /* PBXTargetDependency */,
			);
			name = SliderTests;
			productName = SliderTests;
			productReference = 61E201F51B9978E2004788A6 /* SliderTests.xctest */;
			productType = "com.apple.product-type.bundle.unit-test";
		};
/* End PBXNativeTarget section */

/* Begin PBXProject section */
		61E201D41B9978E2004788A6 /* Project object */ = {
			isa = PBXProject;
			attributes = {
				LastUpgradeCheck = 0640;
				ORGANIZATIONNAME = hiepnq;
				TargetAttributes = {
					61E201DB1B9978E2004788A6 = {
						CreatedOnToolsVersion = 6.4;
					};
					61E201F41B9978E2004788A6 = {
						CreatedOnToolsVersion = 6.4;
						TestTargetID = 61E201DB1B9978E2004788A6;
					};
				};
			};
			buildConfigurationList = 61E201D71B9978E2004788A6 /* Build configuration list for PBXProject "Slider" */;
			compatibilityVersion = "Xcode 3.2";
			developmentRegion = English;
			hasScannedForEncodings = 0;
			knownRegions = (
				en,
				Base,
			);
			mainGroup = 61E201D31B9978E2004788A6;
			productRefGroup = 61E201DD1B9978E2004788A6 /* Products */;
			projectDirPath = "";
			projectRoot = "";
			targets = (
				61E201DB1B9978E2004788A6 /* Slider */,
				61E201F41B9978E2004788A6 /* SliderTests */,
			);
		};
/* End PBXProject section */

/* Begin PBXResourcesBuildPhase section */
		61E201DA1B9978E2004788A6 /* Resources */ = {
			isa = PBXResourcesBuildPhase;
			buildActionMask = 2147483647;
			files = (
				61E201EB1B9978E2004788A6 /* Main.storyboard in Resources */,
				61E201F01B9978E2004788A6 /* LaunchScreen.xib in Resources */,
				61E201ED1B9978E2004788A6 /* Images.xcassets in Resources */,
			);
			runOnlyForDeploymentPostprocessing = 0;
		};
		61E201F31B9978E2004788A6 /* Resources */ = {
			isa = PBXResourcesBuildPhase;
			buildActionMask = 2147483647;
			files = (
			);
			runOnlyForDeploymentPostprocessing = 0;
		};
/* End PBXResourcesBuildPhase section */

/* Begin PBXSourcesBuildPhase section */
		61E201D81B9978E2004788A6 /* Sources */ = {
			isa = PBXSourcesBuildPhase;
			buildActionMask = 2147483647;
			files = (
				61E201E81B9978E2004788A6 /* ViewController.m in Sources */,
				61E201E51B9978E2004788A6 /* AppDelegate.m in Sources */,
				61E201E21B9978E2004788A6 /* main.m in Sources */,
			);
			runOnlyForDeploymentPostprocessing = 0;
		};
		61E201F11B9978E2004788A6 /* Sources */ = {
			isa = PBXSourcesBuildPhase;
			buildActionMask = 2147483647;
			files = (
				61E201FC1B9978E2004788A6 /* SliderTests.m in Sources */,
			);
			runOnlyForDeploymentPostprocessing = 0;
		};
/* End PBXSourcesBuildPhase section */

/* Begin PBXTargetDependency section */
		61E201F71B9978E2004788A6 /* PBXTargetDependency */ = {
			isa = PBXTargetDependency;
			target = 61E201DB1B9978E2004788A6 /* Slider */;
			targetProxy = 61E201F61B9978E2004788A6 /* PBXContainerItemProxy */;
		};
/* End PBXTargetDependency section */

/* Begin PBXVariantGroup section */
		61E201E91B9978E2004788A6 /* Main.storyboard */ = {
			isa = PBXVariantGroup;
			children = (
				61E201EA1B9978E2004788A6 /* Base */,
			);
			name = Main.storyboard;
			sourceTree = "<group>";
		};
		61E201EE1B9978E2004788A6 /* LaunchScreen.xib */ = {
			isa = PBXVariantGroup;
			children = (
				61E201EF1B9978E2004788A6 /* Base */,
			);
			name = LaunchScreen.xib;
			sourceTree = "<group>";
		};
/* End PBXVariantGroup section */

/* Begin XCBuildConfiguration section */
		61E201FD1B9978E2004788A6 /* Debug */ = {
			isa = XCBuildConfiguration;
			buildSettings = {
				ALWAYS_SEARCH_USER_PATHS = NO;
				CLANG_CXX_LANGUAGE_STANDARD = "gnu++0x";
				CLANG_CXX_LIBRARY = "libc++";
				CLANG_ENABLE_MODULES = YES;
				CLANG_ENABLE_OBJC_ARC = YES;
				CLANG_WARN_BOOL_CONVERSION = YES;
				CLANG_WARN_CONSTANT_CONVERSION = YES;
				CLANG_WARN_DIRECT_OBJC_ISA_USAGE = YES_ERROR;
				CLANG_WARN_EMPTY_BODY = YES;
				CLANG_WARN_ENUM_CONVERSION = YES;
				CLANG_WARN_INT_CONVERSION = YES;
				CLANG_WARN_OBJC_ROOT_CLASS = YES_ERROR;
				CLANG_WARN_UNREACHABLE_CODE = YES;
				CLANG_WARN__DUPLICATE_METHOD_MATCH = YES;
				"CODE_SIGN_IDENTITY[sdk=iphoneos*]" = "iPhone Developer";
				COPY_PHASE_STRIP = NO;
				DEBUG_INFORMATION_FORMAT = "dwarf-with-dsym";
				ENABLE_STRICT_OBJC_MSGSEND = YES;
				GCC_C_LANGUAGE_STANDARD = gnu99;
				GCC_DYNAMIC_NO_PIC = NO;
				GCC_NO_COMMON_BLOCKS = YES;
				GCC_OPTIMIZATION_LEVEL = 0;
				GCC_PREPROCESSOR_DEFINITIONS = (
					"DEBUG=1",
					"$(inherited)",
				);
				GCC_SYMBOLS_PRIVATE_EXTERN = NO;
				GCC_WARN_64_TO_32_BIT_CONVERSION = YES;
				GCC_WARN_ABOUT_RETURN_TYPE = YES_ERROR;
				GCC_WARN_UNDECLARED_SELECTOR = YES;
				GCC_WARN_UNINITIALIZED_AUTOS = YES_AGGRESSIVE;
				GCC_WARN_UNUSED_FUNCTION = YES;
				GCC_WARN_UNUSED_VARIABLE = YES;
				IPHONEOS_DEPLOYMENT_TARGET = 8.4;
				MTL_ENABLE_DEBUG_INFO = YES;
				ONLY_ACTIVE_ARCH = YES;
				SDKROOT = iphoneos;
			};
			name = Debug;
		};
		61E201FE1B9978E2004788A6 /* Release */ = {
			isa = XCBuildConfiguration;
			buildSettings = {
				ALWAYS_SEARCH_USER_PATHS = NO;
				CLANG_CXX_LANGUAGE_STANDARD = "gnu++0x";
				CLANG_CXX_LIBRARY = "libc++";
				CLANG_ENABLE_MODULES = YES;
				CLANG_ENABLE_OBJC_ARC = YES;
				CLANG_WARN_BOOL_CONVERSION = YES;
				CLANG_WARN_CONSTANT_CONVERSION = YES;
				CLANG_WARN_DIRECT_OBJC_ISA_USAGE = YES_ERROR;
				CLANG_WARN_EMPTY_BODY = YES;
				CLANG_WARN_ENUM_CONVERSION = YES;
				CLANG_WARN_INT_CONVERSION = YES;
				CLANG_WARN_OBJC_ROOT_CLASS = YES_ERROR;
				CLANG_WARN_UNREACHABLE_CODE = YES;
				CLANG_WARN__DUPLICATE_METHOD_MATCH = YES;
				"CODE_SIGN_IDENTITY[sdk=iphoneos*]" = "iPhone Developer";
				COPY_PHASE_STRIP = NO;
				DEBUG_INFORMATION_FORMAT = "dwarf-with-dsym";
				ENABLE_NS_ASSERTIONS = NO;
				ENABLE_STRICT_OBJC_MSGSEND = YES;
				GCC_C_LANGUAGE_STANDARD = gnu99;
				GCC_NO_COMMON_BLOCKS = YES;
				GCC_WARN_64_TO_32_BIT_CONVERSION = YES;
				GCC_WARN_ABOUT_RETURN_TYPE = YES_ERROR;
				GCC_WARN_UNDECLARED_SELECTOR = YES;
				GCC_WARN_UNINITIALIZED_AUTOS = YES_AGGRESSIVE;
				GCC_WARN_UNUSED_FUNCTION = YES;
				GCC_WARN_UNUSED_VARIABLE = YES;
				IPHONEOS_DEPLOYMENT_TARGET = 8.4;
				MTL_ENABLE_DEBUG_INFO = NO;
				SDKROOT = iphoneos;
				VALIDATE_PRODUCT = YES;
			};
			name = Release;
		};
		61E202001B9978E2004788A6 /* Debug */ = {
			isa = XCBuildConfiguration;
			buildSettings = {
				ASSETCATALOG_COMPILER_APPICON_NAME = AppIcon;
				INFOPLIST_FILE = Slider/Info.plist;
				LD_RUNPATH_SEARCH_PATHS = "$(inherited) @executable_path/Frameworks";
				PRODUCT_NAME = "$(TARGET_NAME)";
			};
			name = Debug;
		};
		61E202011B9978E2004788A6 /* Release */ = {
			isa = XCBuildConfiguration;
			buildSettings = {
				ASSETCATALOG_COMPILER_APPICON_NAME = AppIcon;
				INFOPLIST_FILE = Slider/Info.plist;
				LD_RUNPATH_SEARCH_PATHS = "$(inherited) @executable_path/Frameworks";
				PRODUCT_NAME = "$(TARGET_NAME)";
			};
			name = Release;
		};
		61E202031B9978E2004788A6 /* Debug */ = {
			isa = XCBuildConfiguration;
			buildSettings = {
				BUNDLE_LOADER = "$(TEST_HOST)";
				FRAMEWORK_SEARCH_PATHS = (
					"$(SDKROOT)/Developer/Library/Frameworks",
					"$(inherited)",
				);
				GCC_PREPROCESSOR_DEFINITIONS = (
					"DEBUG=1",
					"$(inherited)",
				);
				INFOPLIST_FILE = SliderTests/Info.plist;
				LD_RUNPATH_SEARCH_PATHS = "$(inherited) @executable_path/Frameworks @loader_path/Frameworks";
				PRODUCT_NAME = "$(TARGET_NAME)";
				TEST_HOST = "$(BUILT_PRODUCTS_DIR)/Slider.app/Slider";
			};
			name = Debug;
		};
		61E202041B9978E2004788A6 /* Release */ = {
			isa = XCBuildConfiguration;
			buildSettings = {
				BUNDLE_LOADER = "$(TEST_HOST)";
				FRAMEWORK_SEARCH_PATHS = (
					"$(SDKROOT)/Developer/Library/Frameworks",
					"$(inherited)",
				);
				INFOPLIST_FILE = SliderTests/Info.plist;
				LD_RUNPATH_SEARCH_PATHS = "$(inherited) @executable_path/Frameworks @loader_path/Frameworks";
				PRODUCT_NAME = "$(TARGET_NAME)";
				TEST_HOST = "$(BUILT_PRODUCTS_DIR)/Slider.app/Slider";
			};
			name = Release;
		};
/* End XCBuildConfiguration section */

/* Begin XCConfigurationList section */
		61E201D71B9978E2004788A6 /* Build configuration list for PBXProject "Slider" */ = {
			isa = XCConfigurationList;
			buildConfigurations = (
				61E201FD1B9978E2004788A6 /* Debug */,
				61E201FE1B9978E2004788A6 /* Release */,
			);
			defaultConfigurationIsVisible = 0;
			defaultConfigurationName = Release;
		};
		61E201FF1B9978E2004788A6 /* Build configuration list for PBXNativeTarget "Slider" */ = {
			isa = XCConfigurationList;
			buildConfigurations = (
				61E202001B9978E2004788A6 /* Debug */,
				61E202011B9978E2004788A6 /* Release */,
			);
			defaultConfigurationIsVisible = 0;
		};
		61E202021B9978E2004788A6 /* Build configuration list for PBXNativeTarget "SliderTests" */ = {
			isa = XCConfigurationList;
			buildConfigurations = (
				61E202031B9978E2004788A6 /* Debug */,
				61E202041B9978E2004788A6 /* Release */,
			);
			defaultConfigurationIsVisible = 0;
		};
/* End XCConfigurationList section */
	};
	rootObject = 61E201D41B9978E2004788A6 /* Project object */;
}
